
Microsoft Visual Studio Solution File, Format Version 12.00
# Visual Studio Version 16
VisualStudioVersion = 16.0.30804.86
MinimumVisualStudioVersion = 10.0.40219.1
Project("{FAE04EC0-301F-11D3-BF4B-00C04F79EFBC}") = "Ryzhakov_Praktik", "Ryzhakov_Praktik\Ryzhakov_Praktik.csproj", "{1D61C3F5-FA96-46E9-B3B2-3ADB2F91A8F2}"
EndProject
Global
	GlobalSection(SolutionConfigurationPlatforms) = preSolution
		Debug|Any CPU = Debug|Any CPU
		Release|Any CPU = Release|Any CPU
	EndGlobalSection
	GlobalSection(ProjectConfigurationPlatforms) = postSolution
		{1D61C3F5-FA96-46E9-B3B2-3ADB2F91A8F2}.Debug|Any CPU.ActiveCfg = Debug|Any CPU
		{1D61C3F5-FA96-46E9-B3B2-3ADB2F91A8F2}.Debug|Any CPU.Build.0 = Debug|Any CPU
		{1D61C3F5-FA96-46E9-B3B2-3ADB2F91A8F2}.Release|Any CPU.ActiveCfg = Release|Any CPU
		{1D61C3F5-FA96-46E9-B3B2-3ADB2F91A8F2}.Release|Any CPU.Build.0 = Release|Any CPU
	EndGlobalSection
	GlobalSection(SolutionProperties) = preSolution
		HideSolutionNode = FALSE
	EndGlobalSection
	GlobalSection(ExtensibilityGlobals) = postSolution
		SolutionGuid = {88979B54-8638-4864-BE11-2E62E5695362}
	EndGlobalSection
EndGlobal
